
Microsoft Visual Studio Solution File, Format Version 12.00
# Visual Studio Version 17
VisualStudioVersion = 17.0.31611.283
MinimumVisualStudioVersion = 10.0.40219.1
Project("{9A19103F-16F7-4668-BE54-9A1E7A4F7556}") = "Bucci.Marco.3i.MAUIString", "Bucci.Marco.3i.MAUIString\Bucci.Marco.3i.MAUIString.csproj", "{14793D8D-EB61-4CCF-9D29-BBABBD3B434A}"
EndProject
Project("{FAE04EC0-301F-11D3-BF4B-00C04F79EFBC}") = "MAUIStringClasses", "MAUIStringClasses\MAUIStringClasses.csproj", "{77DCFEF7-4C56-4720-95BC-15679BD04DAF}"
EndProject
Global
	GlobalSection(SolutionConfigurationPlatforms) = preSolution
		Debug|Any CPU = Debug|Any CPU
		Release|Any CPU = Release|Any CPU
	EndGlobalSection
	GlobalSection(ProjectConfigurationPlatforms) = postSolution
		{14793D8D-EB61-4CCF-9D29-BBABBD3B434A}.Debug|Any CPU.ActiveCfg = Debug|Any CPU
		{14793D8D-EB61-4CCF-9D29-BBABBD3B434A}.Debug|Any CPU.Build.0 = Debug|Any CPU
		{14793D8D-EB61-4CCF-9D29-BBABBD3B434A}.Debug|Any CPU.Deploy.0 = Debug|Any CPU
		{14793D8D-EB61-4CCF-9D29-BBABBD3B434A}.Release|Any CPU.ActiveCfg = Release|Any CPU
		{14793D8D-EB61-4CCF-9D29-BBABBD3B434A}.Release|Any CPU.Build.0 = Release|Any CPU
		{14793D8D-EB61-4CCF-9D29-BBABBD3B434A}.Release|Any CPU.Deploy.0 = Release|Any CPU
		{77DCFEF7-4C56-4720-95BC-15679BD04DAF}.Debug|Any CPU.ActiveCfg = Debug|Any CPU
		{77DCFEF7-4C56-4720-95BC-15679BD04DAF}.Debug|Any CPU.Build.0 = Debug|Any CPU
		{77DCFEF7-4C56-4720-95BC-15679BD04DAF}.Release|Any CPU.ActiveCfg = Release|Any CPU
		{77DCFEF7-4C56-4720-95BC-15679BD04DAF}.Release|Any CPU.Build.0 = Release|Any CPU
	EndGlobalSection
	GlobalSection(SolutionProperties) = preSolution
		HideSolutionNode = FALSE
	EndGlobalSection
	GlobalSection(ExtensibilityGlobals) = postSolution
		SolutionGuid = {61F7FB11-1E47-470C-91E2-47F8143E1572}
	EndGlobalSection
EndGlobal
